{
  "version": 4,
  "terraform_version": "0.12.16",
  "serial": 9,
  "lineage": "74fbe899-a0af-832e-7f6b-b13f9b905a4e",
  "outputs": {},
  "resources": [
    {
      "mode": "data",
      "type": "aws_ami",
      "name": "centos",
      "provider": "provider.aws",
      "instances": [
        {
          "schema_version": 0,
          "attributes": {
            "architecture": "x86_64",
            "block_device_mappings": [
              {
                "device_name": "/dev/sda1",
                "ebs": {
                  "delete_on_termination": "false",
                  "encrypted": "false",
                  "iops": "0",
                  "snapshot_id": "snap-05c6dd0b90e5123e4",
                  "volume_size": "8",
                  "volume_type": "gp2"
                },
                "no_device": "",
                "virtual_name": ""
              }
            ],
            "creation_date": "2019-01-30T23:43:46.000Z",
            "description": "CentOS Linux 7 x86_64 HVM EBS ENA 1901_01",
            "executable_users": null,
            "filter": [
              {
                "name": "name",
                "values": [
                  "CentOS Linux 7 x86_64 HVM EBS *"
                ]
              },
              {
                "name": "virtualization-type",
                "values": [
                  "hvm"
                ]
              }
            ],
            "hypervisor": "xen",
            "id": "ami-04cf43aca3e6f3de3",
            "image_id": "ami-04cf43aca3e6f3de3",
            "image_location": "aws-marketplace/CentOS Linux 7 x86_64 HVM EBS ENA 1901_01-b7ee8a69-ee97-4a49-9e68-afaee216db2e-ami-05713873c6794f575.4",
            "image_owner_alias": "aws-marketplace",
            "image_type": "machine",
            "kernel_id": null,
            "most_recent": true,
            "name": "CentOS Linux 7 x86_64 HVM EBS ENA 1901_01-b7ee8a69-ee97-4a49-9e68-afaee216db2e-ami-05713873c6794f575.4",
            "name_regex": null,
            "owner_id": "679593333241",
            "owners": [
              "679593333241"
            ],
            "platform": null,
            "product_codes": [
              {
                "product_code_id": "aw0evgkw8e5c1q413zgy5pjce",
                "product_code_type": "marketplace"
              }
            ],
            "public": true,
            "ramdisk_id": null,
            "root_device_name": "/dev/sda1",
            "root_device_type": "ebs",
            "root_snapshot_id": "snap-05c6dd0b90e5123e4",
            "sriov_net_support": "simple",
            "state": "available",
            "state_reason": {
              "code": "UNSET",
              "message": "UNSET"
            },
            "tags": {},
            "virtualization_type": "hvm"
          }
        }
      ]
    },
    {
      "mode": "managed",
      "type": "aws_instance",
      "name": "web",
      "provider": "provider.aws",
      "instances": [
        {
          "schema_version": 1,
          "attributes": {
            "ami": "ami-04cf43aca3e6f3de3",
            "arn": "arn:aws:ec2:eu-central-1:280083527426:instance/i-0194f28d34d54b113",
            "associate_public_ip_address": true,
            "availability_zone": "eu-central-1b",
            "cpu_core_count": 1,
            "cpu_threads_per_core": 1,
            "credit_specification": [
              {
                "cpu_credits": "standard"
              }
            ],
            "disable_api_termination": false,
            "ebs_block_device": [],
            "ebs_optimized": false,
            "ephemeral_block_device": [],
            "get_password_data": false,
            "host_id": null,
            "iam_instance_profile": "",
            "id": "i-0194f28d34d54b113",
            "instance_initiated_shutdown_behavior": null,
            "instance_state": "running",
            "instance_type": "t2.micro",
            "ipv6_address_count": 0,
            "ipv6_addresses": [],
            "key_name": "testkye",
            "monitoring": false,
            "network_interface": [],
            "network_interface_id": null,
            "password_data": "",
            "placement_group": "",
            "primary_network_interface_id": "eni-033e9ef5d6ed36667",
            "private_dns": "ip-172-31-36-70.eu-central-1.compute.internal",
            "private_ip": "172.31.36.70",
            "public_dns": "ec2-52-59-195-141.eu-central-1.compute.amazonaws.com",
            "public_ip": "52.59.195.141",
            "root_block_device": [
              {
                "delete_on_termination": false,
                "encrypted": false,
                "iops": 100,
                "kms_key_id": "",
                "volume_id": "vol-0a43d6abed8648dc9",
                "volume_size": 8,
                "volume_type": "gp2"
              }
            ],
            "security_groups": [
              "terrasshtest"
            ],
            "source_dest_check": true,
            "subnet_id": "subnet-84110ef9",
            "tags": {
              "Name": "second hw"
            },
            "tenancy": "default",
            "timeouts": null,
            "user_data": null,
            "user_data_base64": null,
            "volume_tags": {},
            "vpc_security_group_ids": [
              "sg-0950092481a0048a7"
            ]
          },
          "private": "eyJlMmJmYjczMC1lY2FhLTExZTYtOGY4OC0zNDM2M2JjN2M0YzAiOnsiY3JlYXRlIjo2MDAwMDAwMDAwMDAsImRlbGV0ZSI6MTIwMDAwMDAwMDAwMCwidXBkYXRlIjo2MDAwMDAwMDAwMDB9LCJzY2hlbWFfdmVyc2lvbiI6IjEifQ==",
          "dependencies": [
            "aws_security_group.ssh"
          ]
        }
      ]
    },
    {
      "mode": "managed",
      "type": "aws_security_group",
      "name": "ssh",
      "provider": "provider.aws",
      "instances": [
        {
          "schema_version": 1,
          "attributes": {
            "arn": "arn:aws:ec2:eu-central-1:280083527426:security-group/sg-0950092481a0048a7",
            "description": "Scurity policies.",
            "egress": [],
            "id": "sg-0950092481a0048a7",
            "ingress": [
              {
                "cidr_blocks": [
                  "0.0.0.0/0"
                ],
                "description": "",
                "from_port": 22,
                "ipv6_cidr_blocks": [],
                "prefix_list_ids": [],
                "protocol": "tcp",
                "security_groups": [],
                "self": false,
                "to_port": 22
              }
            ],
            "name": "terrasshtest",
            "name_prefix": null,
            "owner_id": "280083527426",
            "revoke_rules_on_delete": false,
            "tags": null,
            "timeouts": null,
            "vpc_id": "vpc-6e1ae304"
          },
          "private": "eyJlMmJmYjczMC1lY2FhLTExZTYtOGY4OC0zNDM2M2JjN2M0YzAiOnsiY3JlYXRlIjo2MDAwMDAwMDAwMDAsImRlbGV0ZSI6NjAwMDAwMDAwMDAwfSwic2NoZW1hX3ZlcnNpb24iOiIxIn0="
        }
      ]
    }
  ]
}
